
Microsoft Visual Studio Solution File, Format Version 12.00
# Visual Studio Version 17
VisualStudioVersion = 17.11.35303.130
MinimumVisualStudioVersion = 10.0.40219.1
Project("{FAE04EC0-301F-11D3-BF4B-00C04F79EFBC}") = "AdminComandos", "AdminComandos\AdminComandos.csproj", "{D3BB4E1A-B607-4A6F-B56C-0727BF1AEB0E}"
EndProject
Project("{FAE04EC0-301F-11D3-BF4B-00C04F79EFBC}") = "AdminComandos.Core", "AdminComandos.Core\AdminComandos.Core.csproj", "{812CF2EF-4A1D-4D6D-A216-F17A7CEA4DDA}"
EndProject
Global
	GlobalSection(SolutionConfigurationPlatforms) = preSolution
		Debug|Any CPU = Debug|Any CPU
		Release|Any CPU = Release|Any CPU
	EndGlobalSection
	GlobalSection(ProjectConfigurationPlatforms) = postSolution
		{D3BB4E1A-B607-4A6F-B56C-0727BF1AEB0E}.Debug|Any CPU.ActiveCfg = Debug|Any CPU
		{D3BB4E1A-B607-4A6F-B56C-0727BF1AEB0E}.Debug|Any CPU.Build.0 = Debug|Any CPU
		{D3BB4E1A-B607-4A6F-B56C-0727BF1AEB0E}.Release|Any CPU.ActiveCfg = Release|Any CPU
		{D3BB4E1A-B607-4A6F-B56C-0727BF1AEB0E}.Release|Any CPU.Build.0 = Release|Any CPU
		{812CF2EF-4A1D-4D6D-A216-F17A7CEA4DDA}.Debug|Any CPU.ActiveCfg = Debug|Any CPU
		{812CF2EF-4A1D-4D6D-A216-F17A7CEA4DDA}.Debug|Any CPU.Build.0 = Debug|Any CPU
		{812CF2EF-4A1D-4D6D-A216-F17A7CEA4DDA}.Release|Any CPU.ActiveCfg = Release|Any CPU
		{812CF2EF-4A1D-4D6D-A216-F17A7CEA4DDA}.Release|Any CPU.Build.0 = Release|Any CPU
	EndGlobalSection
	GlobalSection(SolutionProperties) = preSolution
		HideSolutionNode = FALSE
	EndGlobalSection
	GlobalSection(ExtensibilityGlobals) = postSolution
		SolutionGuid = {42A9B3BE-E1D6-42DB-B06A-7D5AE8435BE5}
	EndGlobalSection
EndGlobal
